
Microsoft Visual Studio Solution File, Format Version 12.00
# Visual Studio 15
VisualStudioVersion = 15.0.27703.2035
MinimumVisualStudioVersion = 10.0.40219.1
Project("{FAE04EC0-301F-11D3-BF4B-00C04F79EFBC}") = "MyShop.core", "MyShop.core\MyShop.core.csproj", "{E24B7455-40CE-4B4A-B793-F9CAB7299832}"
EndProject
Project("{FAE04EC0-301F-11D3-BF4B-00C04F79EFBC}") = "MyShop.services", "MyShop.services\MyShop.services.csproj", "{600F97B6-0CA4-4089-85D1-4DE7387EC309}"
EndProject
Project("{FAE04EC0-301F-11D3-BF4B-00C04F79EFBC}") = "MyShop.DataAccess.SQL", "MyShop.DataAccess.SQL\MyShop.DataAccess.SQL.csproj", "{FE860CAE-D402-4F42-A889-7EC2ED0147B6}"
EndProject
Project("{FAE04EC0-301F-11D3-BF4B-00C04F79EFBC}") = "MyShop.DataAccess.InMemory", "MyShop.DataAccess.InMemory\MyShop.DataAccess.InMemory.csproj", "{23844341-6106-4EF9-A806-94159B240760}"
EndProject
Project("{FAE04EC0-301F-11D3-BF4B-00C04F79EFBC}") = "MyShop.WebUI", "MyShop.WebUI\MyShop.WebUI.csproj", "{E7B57B04-2EB1-4991-A79E-E07BEDE1130F}"
EndProject
Project("{FAE04EC0-301F-11D3-BF4B-00C04F79EFBC}") = "MyShop.WebUI.Tests", "MyShop.WebUI.Tests\MyShop.WebUI.Tests.csproj", "{584D4BDE-72A8-4670-98DD-3E0BF050868E}"
EndProject
Global
	GlobalSection(SolutionConfigurationPlatforms) = preSolution
		Debug|Any CPU = Debug|Any CPU
		Release|Any CPU = Release|Any CPU
	EndGlobalSection
	GlobalSection(ProjectConfigurationPlatforms) = postSolution
		{E24B7455-40CE-4B4A-B793-F9CAB7299832}.Debug|Any CPU.ActiveCfg = Debug|Any CPU
		{E24B7455-40CE-4B4A-B793-F9CAB7299832}.Debug|Any CPU.Build.0 = Debug|Any CPU
		{E24B7455-40CE-4B4A-B793-F9CAB7299832}.Release|Any CPU.ActiveCfg = Release|Any CPU
		{E24B7455-40CE-4B4A-B793-F9CAB7299832}.Release|Any CPU.Build.0 = Release|Any CPU
		{600F97B6-0CA4-4089-85D1-4DE7387EC309}.Debug|Any CPU.ActiveCfg = Debug|Any CPU
		{600F97B6-0CA4-4089-85D1-4DE7387EC309}.Debug|Any CPU.Build.0 = Debug|Any CPU
		{600F97B6-0CA4-4089-85D1-4DE7387EC309}.Release|Any CPU.ActiveCfg = Release|Any CPU
		{600F97B6-0CA4-4089-85D1-4DE7387EC309}.Release|Any CPU.Build.0 = Release|Any CPU
		{FE860CAE-D402-4F42-A889-7EC2ED0147B6}.Debug|Any CPU.ActiveCfg = Debug|Any CPU
		{FE860CAE-D402-4F42-A889-7EC2ED0147B6}.Debug|Any CPU.Build.0 = Debug|Any CPU
		{FE860CAE-D402-4F42-A889-7EC2ED0147B6}.Release|Any CPU.ActiveCfg = Release|Any CPU
		{FE860CAE-D402-4F42-A889-7EC2ED0147B6}.Release|Any CPU.Build.0 = Release|Any CPU
		{23844341-6106-4EF9-A806-94159B240760}.Debug|Any CPU.ActiveCfg = Debug|Any CPU
		{23844341-6106-4EF9-A806-94159B240760}.Debug|Any CPU.Build.0 = Debug|Any CPU
		{23844341-6106-4EF9-A806-94159B240760}.Release|Any CPU.ActiveCfg = Release|Any CPU
		{23844341-6106-4EF9-A806-94159B240760}.Release|Any CPU.Build.0 = Release|Any CPU
		{E7B57B04-2EB1-4991-A79E-E07BEDE1130F}.Debug|Any CPU.ActiveCfg = Debug|Any CPU
		{E7B57B04-2EB1-4991-A79E-E07BEDE1130F}.Debug|Any CPU.Build.0 = Debug|Any CPU
		{E7B57B04-2EB1-4991-A79E-E07BEDE1130F}.Release|Any CPU.ActiveCfg = Release|Any CPU
		{E7B57B04-2EB1-4991-A79E-E07BEDE1130F}.Release|Any CPU.Build.0 = Release|Any CPU
		{584D4BDE-72A8-4670-98DD-3E0BF050868E}.Debug|Any CPU.ActiveCfg = Debug|Any CPU
		{584D4BDE-72A8-4670-98DD-3E0BF050868E}.Debug|Any CPU.Build.0 = Debug|Any CPU
		{584D4BDE-72A8-4670-98DD-3E0BF050868E}.Release|Any CPU.ActiveCfg = Release|Any CPU
		{584D4BDE-72A8-4670-98DD-3E0BF050868E}.Release|Any CPU.Build.0 = Release|Any CPU
	EndGlobalSection
	GlobalSection(SolutionProperties) = preSolution
		HideSolutionNode = FALSE
	EndGlobalSection
	GlobalSection(ExtensibilityGlobals) = postSolution
		SolutionGuid = {A6D8A5E8-CCDE-4DD8-8CD9-832C80F6936C}
	EndGlobalSection
EndGlobal
